
Microsoft Visual Studio Solution File, Format Version 12.00
# Visual Studio Version 17
VisualStudioVersion = 17.12.35707.178
MinimumVisualStudioVersion = 10.0.40219.1
Project("{FAE04EC0-301F-11D3-BF4B-00C04F79EFBC}") = "Database Project", "Database Project.csproj", "{0FB0C255-F798-4513-ADA5-1CEA14C4AE74}"
EndProject
Global
	GlobalSection(SolutionConfigurationPlatforms) = preSolution
		Debug|Any CPU = Debug|Any CPU
		Release|Any CPU = Release|Any CPU
	EndGlobalSection
	GlobalSection(ProjectConfigurationPlatforms) = postSolution
		{0FB0C255-F798-4513-ADA5-1CEA14C4AE74}.Debug|Any CPU.ActiveCfg = Debug|Any CPU
		{0FB0C255-F798-4513-ADA5-1CEA14C4AE74}.Debug|Any CPU.Build.0 = Debug|Any CPU
		{0FB0C255-F798-4513-ADA5-1CEA14C4AE74}.Release|Any CPU.ActiveCfg = Release|Any CPU
		{0FB0C255-F798-4513-ADA5-1CEA14C4AE74}.Release|Any CPU.Build.0 = Release|Any CPU
	EndGlobalSection
	GlobalSection(SolutionProperties) = preSolution
		HideSolutionNode = FALSE
	EndGlobalSection
	GlobalSection(ExtensibilityGlobals) = postSolution
		SolutionGuid = {89131EBC-2B07-4CF2-8415-225FF7060D7B}
	EndGlobalSection
EndGlobal
